
Microsoft Visual Studio Solution File, Format Version 12.00
# Visual Studio Version 17
VisualStudioVersion = 17.4.33403.182
MinimumVisualStudioVersion = 10.0.40219.1
Project("{9A19103F-16F7-4668-BE54-9A1E7A4F7556}") = "Singleton", "Singleton\Singleton.csproj", "{8C2B5C9F-A721-4E2F-869C-07FCA23FDDFF}"
EndProject
Project("{9A19103F-16F7-4668-BE54-9A1E7A4F7556}") = "FactoryMethod", "Factory\FactoryMethod.csproj", "{6B9745BA-9515-4FE5-8309-B5725F75DD03}"
EndProject
Project("{9A19103F-16F7-4668-BE54-9A1E7A4F7556}") = "Observer", "Observer\Observer.csproj", "{6F1BEC5B-A112-41E8-98F4-A7FE6783A88E}"
EndProject
Project("{9A19103F-16F7-4668-BE54-9A1E7A4F7556}") = "Strategy", "Strategy\Strategy.csproj", "{CF6795EF-5906-46F3-B25E-5E04B5C2F572}"
EndProject
Project("{9A19103F-16F7-4668-BE54-9A1E7A4F7556}") = "Adapter", "Adapter\Adapter.csproj", "{8CA907AE-C7E1-433A-B4A2-362B8AD79228}"
EndProject
Project("{9A19103F-16F7-4668-BE54-9A1E7A4F7556}") = "Facade", "Facade\Facade.csproj", "{AB3F6ACC-CAC2-4F47-B84F-D590E9870368}"
EndProject
Project("{9A19103F-16F7-4668-BE54-9A1E7A4F7556}") = "Decorator", "Decorator\Decorator.csproj", "{6D678617-8102-486F-B953-2A65B34EB909}"
EndProject
Project("{9A19103F-16F7-4668-BE54-9A1E7A4F7556}") = "Composite", "Composite\Composite.csproj", "{2215E8F4-79E6-4EC0-863E-680DBC424417}"
EndProject
Project("{9A19103F-16F7-4668-BE54-9A1E7A4F7556}") = "Command", "Command\Command.csproj", "{9A8F64A7-37C5-4F5F-88EA-4528AB6D2B46}"
EndProject
Project("{9A19103F-16F7-4668-BE54-9A1E7A4F7556}") = "TemplateMethod", "TemplateMethod\TemplateMethod.csproj", "{D87078CD-E620-439F-AC9B-FEE7B5083133}"
EndProject
Project("{9A19103F-16F7-4668-BE54-9A1E7A4F7556}") = "Iterator", "Iterator\Iterator.csproj", "{C976F6CB-B90D-4431-B420-9ACC0F25A975}"
EndProject
Project("{9A19103F-16F7-4668-BE54-9A1E7A4F7556}") = "State", "State\State.csproj", "{6602A8A4-F1C4-46BD-9A44-3917E5AB4E61}"
EndProject
Project("{2150E333-8FDC-42A3-9474-1A3956D46DE8}") = "Creational", "Creational", "{1EC483CD-FFD1-45FB-B9E7-26BB75C5051B}"
EndProject
Project("{2150E333-8FDC-42A3-9474-1A3956D46DE8}") = "Structural", "Structural", "{ADDF87AC-AA5C-4694-BB91-915AB4979BC5}"
EndProject
Project("{2150E333-8FDC-42A3-9474-1A3956D46DE8}") = "Behavioral", "Behavioral", "{2BFE931F-4A7B-4508-8112-258AAA48A6A3}"
EndProject
Project("{9A19103F-16F7-4668-BE54-9A1E7A4F7556}") = "AbstractFactory", "AbstractFactory\AbstractFactory.csproj", "{9658B284-B0B7-4CEA-9A78-0C370D9D43BB}"
EndProject
Project("{9A19103F-16F7-4668-BE54-9A1E7A4F7556}") = "Builder", "Builder\Builder.csproj", "{ED50D642-96A0-4596-8285-323F7409475F}"
EndProject
Project("{9A19103F-16F7-4668-BE54-9A1E7A4F7556}") = "Prototype", "Prototype\Prototype.csproj", "{E1B38569-58D0-4D3C-9386-D2E55C2F6F2B}"
EndProject
Project("{9A19103F-16F7-4668-BE54-9A1E7A4F7556}") = "Bridge", "Bridge\Bridge.csproj", "{A7F90475-B11B-4AE9-8E93-992CD3BFD9D8}"
EndProject
Project("{9A19103F-16F7-4668-BE54-9A1E7A4F7556}") = "Flyweight", "Flyweight\Flyweight.csproj", "{A7F74758-925E-4328-BDE7-DBF43DAC27E4}"
EndProject
Project("{9A19103F-16F7-4668-BE54-9A1E7A4F7556}") = "Proxy", "Proxy\Proxy.csproj", "{E0E976E6-6B12-4B3F-AF12-F3E5897DEB70}"
EndProject
Project("{9A19103F-16F7-4668-BE54-9A1E7A4F7556}") = "ChainResponsability", "ChainResponsability\ChainResponsability.csproj", "{B445BCD9-88B0-4DB7-A421-0776E00000B6}"
EndProject
Project("{9A19103F-16F7-4668-BE54-9A1E7A4F7556}") = "Interpreter", "Interpreter\Interpreter.csproj", "{D95DC541-D603-44C7-84D8-8CE64986593C}"
EndProject
Project("{9A19103F-16F7-4668-BE54-9A1E7A4F7556}") = "Mediator", "Mediator\Mediator.csproj", "{EAF86DFB-E4B5-4CB0-BBAA-CF0146580CFB}"
EndProject
Project("{9A19103F-16F7-4668-BE54-9A1E7A4F7556}") = "Memento", "Memento\Memento.csproj", "{45294D2C-0149-4FAC-AC8F-667D59C2A286}"
EndProject
Project("{9A19103F-16F7-4668-BE54-9A1E7A4F7556}") = "Visitor", "Visitor\Visitor.csproj", "{8D0F4D8A-AFD6-4EAB-8EEB-6091EBF3C431}"
EndProject
Global
	GlobalSection(SolutionConfigurationPlatforms) = preSolution
		Debug|Any CPU = Debug|Any CPU
		Release|Any CPU = Release|Any CPU
	EndGlobalSection
	GlobalSection(ProjectConfigurationPlatforms) = postSolution
		{8C2B5C9F-A721-4E2F-869C-07FCA23FDDFF}.Debug|Any CPU.ActiveCfg = Debug|Any CPU
		{8C2B5C9F-A721-4E2F-869C-07FCA23FDDFF}.Debug|Any CPU.Build.0 = Debug|Any CPU
		{8C2B5C9F-A721-4E2F-869C-07FCA23FDDFF}.Release|Any CPU.ActiveCfg = Release|Any CPU
		{8C2B5C9F-A721-4E2F-869C-07FCA23FDDFF}.Release|Any CPU.Build.0 = Release|Any CPU
		{6B9745BA-9515-4FE5-8309-B5725F75DD03}.Debug|Any CPU.ActiveCfg = Debug|Any CPU
		{6B9745BA-9515-4FE5-8309-B5725F75DD03}.Debug|Any CPU.Build.0 = Debug|Any CPU
		{6B9745BA-9515-4FE5-8309-B5725F75DD03}.Release|Any CPU.ActiveCfg = Release|Any CPU
		{6B9745BA-9515-4FE5-8309-B5725F75DD03}.Release|Any CPU.Build.0 = Release|Any CPU
		{6F1BEC5B-A112-41E8-98F4-A7FE6783A88E}.Debug|Any CPU.ActiveCfg = Debug|Any CPU
		{6F1BEC5B-A112-41E8-98F4-A7FE6783A88E}.Debug|Any CPU.Build.0 = Debug|Any CPU
		{6F1BEC5B-A112-41E8-98F4-A7FE6783A88E}.Release|Any CPU.ActiveCfg = Release|Any CPU
		{6F1BEC5B-A112-41E8-98F4-A7FE6783A88E}.Release|Any CPU.Build.0 = Release|Any CPU
		{CF6795EF-5906-46F3-B25E-5E04B5C2F572}.Debug|Any CPU.ActiveCfg = Debug|Any CPU
		{CF6795EF-5906-46F3-B25E-5E04B5C2F572}.Debug|Any CPU.Build.0 = Debug|Any CPU
		{CF6795EF-5906-46F3-B25E-5E04B5C2F572}.Release|Any CPU.ActiveCfg = Release|Any CPU
		{CF6795EF-5906-46F3-B25E-5E04B5C2F572}.Release|Any CPU.Build.0 = Release|Any CPU
		{8CA907AE-C7E1-433A-B4A2-362B8AD79228}.Debug|Any CPU.ActiveCfg = Debug|Any CPU
		{8CA907AE-C7E1-433A-B4A2-362B8AD79228}.Debug|Any CPU.Build.0 = Debug|Any CPU
		{8CA907AE-C7E1-433A-B4A2-362B8AD79228}.Release|Any CPU.ActiveCfg = Release|Any CPU
		{8CA907AE-C7E1-433A-B4A2-362B8AD79228}.Release|Any CPU.Build.0 = Release|Any CPU
		{AB3F6ACC-CAC2-4F47-B84F-D590E9870368}.Debug|Any CPU.ActiveCfg = Debug|Any CPU
		{AB3F6ACC-CAC2-4F47-B84F-D590E9870368}.Debug|Any CPU.Build.0 = Debug|Any CPU
		{AB3F6ACC-CAC2-4F47-B84F-D590E9870368}.Release|Any CPU.ActiveCfg = Release|Any CPU
		{AB3F6ACC-CAC2-4F47-B84F-D590E9870368}.Release|Any CPU.Build.0 = Release|Any CPU
		{6D678617-8102-486F-B953-2A65B34EB909}.Debug|Any CPU.ActiveCfg = Debug|Any CPU
		{6D678617-8102-486F-B953-2A65B34EB909}.Debug|Any CPU.Build.0 = Debug|Any CPU
		{6D678617-8102-486F-B953-2A65B34EB909}.Release|Any CPU.ActiveCfg = Release|Any CPU
		{6D678617-8102-486F-B953-2A65B34EB909}.Release|Any CPU.Build.0 = Release|Any CPU
		{2215E8F4-79E6-4EC0-863E-680DBC424417}.Debug|Any CPU.ActiveCfg = Debug|Any CPU
		{2215E8F4-79E6-4EC0-863E-680DBC424417}.Debug|Any CPU.Build.0 = Debug|Any CPU
		{2215E8F4-79E6-4EC0-863E-680DBC424417}.Release|Any CPU.ActiveCfg = Release|Any CPU
		{2215E8F4-79E6-4EC0-863E-680DBC424417}.Release|Any CPU.Build.0 = Release|Any CPU
		{9A8F64A7-37C5-4F5F-88EA-4528AB6D2B46}.Debug|Any CPU.ActiveCfg = Debug|Any CPU
		{9A8F64A7-37C5-4F5F-88EA-4528AB6D2B46}.Debug|Any CPU.Build.0 = Debug|Any CPU
		{9A8F64A7-37C5-4F5F-88EA-4528AB6D2B46}.Release|Any CPU.ActiveCfg = Release|Any CPU
		{9A8F64A7-37C5-4F5F-88EA-4528AB6D2B46}.Release|Any CPU.Build.0 = Release|Any CPU
		{D87078CD-E620-439F-AC9B-FEE7B5083133}.Debug|Any CPU.ActiveCfg = Debug|Any CPU
		{D87078CD-E620-439F-AC9B-FEE7B5083133}.Debug|Any CPU.Build.0 = Debug|Any CPU
		{D87078CD-E620-439F-AC9B-FEE7B5083133}.Release|Any CPU.ActiveCfg = Release|Any CPU
		{D87078CD-E620-439F-AC9B-FEE7B5083133}.Release|Any CPU.Build.0 = Release|Any CPU
		{C976F6CB-B90D-4431-B420-9ACC0F25A975}.Debug|Any CPU.ActiveCfg = Debug|Any CPU
		{C976F6CB-B90D-4431-B420-9ACC0F25A975}.Debug|Any CPU.Build.0 = Debug|Any CPU
		{C976F6CB-B90D-4431-B420-9ACC0F25A975}.Release|Any CPU.ActiveCfg = Release|Any CPU
		{C976F6CB-B90D-4431-B420-9ACC0F25A975}.Release|Any CPU.Build.0 = Release|Any CPU
		{6602A8A4-F1C4-46BD-9A44-3917E5AB4E61}.Debug|Any CPU.ActiveCfg = Debug|Any CPU
		{6602A8A4-F1C4-46BD-9A44-3917E5AB4E61}.Debug|Any CPU.Build.0 = Debug|Any CPU
		{6602A8A4-F1C4-46BD-9A44-3917E5AB4E61}.Release|Any CPU.ActiveCfg = Release|Any CPU
		{6602A8A4-F1C4-46BD-9A44-3917E5AB4E61}.Release|Any CPU.Build.0 = Release|Any CPU
		{9658B284-B0B7-4CEA-9A78-0C370D9D43BB}.Debug|Any CPU.ActiveCfg = Debug|Any CPU
		{9658B284-B0B7-4CEA-9A78-0C370D9D43BB}.Debug|Any CPU.Build.0 = Debug|Any CPU
		{9658B284-B0B7-4CEA-9A78-0C370D9D43BB}.Release|Any CPU.ActiveCfg = Release|Any CPU
		{9658B284-B0B7-4CEA-9A78-0C370D9D43BB}.Release|Any CPU.Build.0 = Release|Any CPU
		{ED50D642-96A0-4596-8285-323F7409475F}.Debug|Any CPU.ActiveCfg = Debug|Any CPU
		{ED50D642-96A0-4596-8285-323F7409475F}.Debug|Any CPU.Build.0 = Debug|Any CPU
		{ED50D642-96A0-4596-8285-323F7409475F}.Release|Any CPU.ActiveCfg = Release|Any CPU
		{ED50D642-96A0-4596-8285-323F7409475F}.Release|Any CPU.Build.0 = Release|Any CPU
		{E1B38569-58D0-4D3C-9386-D2E55C2F6F2B}.Debug|Any CPU.ActiveCfg = Debug|Any CPU
		{E1B38569-58D0-4D3C-9386-D2E55C2F6F2B}.Debug|Any CPU.Build.0 = Debug|Any CPU
		{E1B38569-58D0-4D3C-9386-D2E55C2F6F2B}.Release|Any CPU.ActiveCfg = Release|Any CPU
		{E1B38569-58D0-4D3C-9386-D2E55C2F6F2B}.Release|Any CPU.Build.0 = Release|Any CPU
		{A7F90475-B11B-4AE9-8E93-992CD3BFD9D8}.Debug|Any CPU.ActiveCfg = Debug|Any CPU
		{A7F90475-B11B-4AE9-8E93-992CD3BFD9D8}.Debug|Any CPU.Build.0 = Debug|Any CPU
		{A7F90475-B11B-4AE9-8E93-992CD3BFD9D8}.Release|Any CPU.ActiveCfg = Release|Any CPU
		{A7F90475-B11B-4AE9-8E93-992CD3BFD9D8}.Release|Any CPU.Build.0 = Release|Any CPU
		{A7F74758-925E-4328-BDE7-DBF43DAC27E4}.Debug|Any CPU.ActiveCfg = Debug|Any CPU
		{A7F74758-925E-4328-BDE7-DBF43DAC27E4}.Debug|Any CPU.Build.0 = Debug|Any CPU
		{A7F74758-925E-4328-BDE7-DBF43DAC27E4}.Release|Any CPU.ActiveCfg = Release|Any CPU
		{A7F74758-925E-4328-BDE7-DBF43DAC27E4}.Release|Any CPU.Build.0 = Release|Any CPU
		{E0E976E6-6B12-4B3F-AF12-F3E5897DEB70}.Debug|Any CPU.ActiveCfg = Debug|Any CPU
		{E0E976E6-6B12-4B3F-AF12-F3E5897DEB70}.Debug|Any CPU.Build.0 = Debug|Any CPU
		{E0E976E6-6B12-4B3F-AF12-F3E5897DEB70}.Release|Any CPU.ActiveCfg = Release|Any CPU
		{E0E976E6-6B12-4B3F-AF12-F3E5897DEB70}.Release|Any CPU.Build.0 = Release|Any CPU
		{B445BCD9-88B0-4DB7-A421-0776E00000B6}.Debug|Any CPU.ActiveCfg = Debug|Any CPU
		{B445BCD9-88B0-4DB7-A421-0776E00000B6}.Debug|Any CPU.Build.0 = Debug|Any CPU
		{B445BCD9-88B0-4DB7-A421-0776E00000B6}.Release|Any CPU.ActiveCfg = Release|Any CPU
		{B445BCD9-88B0-4DB7-A421-0776E00000B6}.Release|Any CPU.Build.0 = Release|Any CPU
		{D95DC541-D603-44C7-84D8-8CE64986593C}.Debug|Any CPU.ActiveCfg = Debug|Any CPU
		{D95DC541-D603-44C7-84D8-8CE64986593C}.Debug|Any CPU.Build.0 = Debug|Any CPU
		{D95DC541-D603-44C7-84D8-8CE64986593C}.Release|Any CPU.ActiveCfg = Release|Any CPU
		{D95DC541-D603-44C7-84D8-8CE64986593C}.Release|Any CPU.Build.0 = Release|Any CPU
		{EAF86DFB-E4B5-4CB0-BBAA-CF0146580CFB}.Debug|Any CPU.ActiveCfg = Debug|Any CPU
		{EAF86DFB-E4B5-4CB0-BBAA-CF0146580CFB}.Debug|Any CPU.Build.0 = Debug|Any CPU
		{EAF86DFB-E4B5-4CB0-BBAA-CF0146580CFB}.Release|Any CPU.ActiveCfg = Release|Any CPU
		{EAF86DFB-E4B5-4CB0-BBAA-CF0146580CFB}.Release|Any CPU.Build.0 = Release|Any CPU
		{45294D2C-0149-4FAC-AC8F-667D59C2A286}.Debug|Any CPU.ActiveCfg = Debug|Any CPU
		{45294D2C-0149-4FAC-AC8F-667D59C2A286}.Debug|Any CPU.Build.0 = Debug|Any CPU
		{45294D2C-0149-4FAC-AC8F-667D59C2A286}.Release|Any CPU.ActiveCfg = Release|Any CPU
		{45294D2C-0149-4FAC-AC8F-667D59C2A286}.Release|Any CPU.Build.0 = Release|Any CPU
		{8D0F4D8A-AFD6-4EAB-8EEB-6091EBF3C431}.Debug|Any CPU.ActiveCfg = Debug|Any CPU
		{8D0F4D8A-AFD6-4EAB-8EEB-6091EBF3C431}.Debug|Any CPU.Build.0 = Debug|Any CPU
		{8D0F4D8A-AFD6-4EAB-8EEB-6091EBF3C431}.Release|Any CPU.ActiveCfg = Release|Any CPU
		{8D0F4D8A-AFD6-4EAB-8EEB-6091EBF3C431}.Release|Any CPU.Build.0 = Release|Any CPU
	EndGlobalSection
	GlobalSection(SolutionProperties) = preSolution
		HideSolutionNode = FALSE
	EndGlobalSection
	GlobalSection(NestedProjects) = preSolution
		{8C2B5C9F-A721-4E2F-869C-07FCA23FDDFF} = {1EC483CD-FFD1-45FB-B9E7-26BB75C5051B}
		{6B9745BA-9515-4FE5-8309-B5725F75DD03} = {1EC483CD-FFD1-45FB-B9E7-26BB75C5051B}
		{6F1BEC5B-A112-41E8-98F4-A7FE6783A88E} = {2BFE931F-4A7B-4508-8112-258AAA48A6A3}
		{CF6795EF-5906-46F3-B25E-5E04B5C2F572} = {2BFE931F-4A7B-4508-8112-258AAA48A6A3}
		{8CA907AE-C7E1-433A-B4A2-362B8AD79228} = {ADDF87AC-AA5C-4694-BB91-915AB4979BC5}
		{AB3F6ACC-CAC2-4F47-B84F-D590E9870368} = {ADDF87AC-AA5C-4694-BB91-915AB4979BC5}
		{6D678617-8102-486F-B953-2A65B34EB909} = {ADDF87AC-AA5C-4694-BB91-915AB4979BC5}
		{2215E8F4-79E6-4EC0-863E-680DBC424417} = {ADDF87AC-AA5C-4694-BB91-915AB4979BC5}
		{9A8F64A7-37C5-4F5F-88EA-4528AB6D2B46} = {2BFE931F-4A7B-4508-8112-258AAA48A6A3}
		{D87078CD-E620-439F-AC9B-FEE7B5083133} = {2BFE931F-4A7B-4508-8112-258AAA48A6A3}
		{C976F6CB-B90D-4431-B420-9ACC0F25A975} = {2BFE931F-4A7B-4508-8112-258AAA48A6A3}
		{6602A8A4-F1C4-46BD-9A44-3917E5AB4E61} = {2BFE931F-4A7B-4508-8112-258AAA48A6A3}
		{9658B284-B0B7-4CEA-9A78-0C370D9D43BB} = {1EC483CD-FFD1-45FB-B9E7-26BB75C5051B}
		{ED50D642-96A0-4596-8285-323F7409475F} = {1EC483CD-FFD1-45FB-B9E7-26BB75C5051B}
		{E1B38569-58D0-4D3C-9386-D2E55C2F6F2B} = {1EC483CD-FFD1-45FB-B9E7-26BB75C5051B}
		{A7F90475-B11B-4AE9-8E93-992CD3BFD9D8} = {ADDF87AC-AA5C-4694-BB91-915AB4979BC5}
		{A7F74758-925E-4328-BDE7-DBF43DAC27E4} = {ADDF87AC-AA5C-4694-BB91-915AB4979BC5}
		{E0E976E6-6B12-4B3F-AF12-F3E5897DEB70} = {ADDF87AC-AA5C-4694-BB91-915AB4979BC5}
		{B445BCD9-88B0-4DB7-A421-0776E00000B6} = {2BFE931F-4A7B-4508-8112-258AAA48A6A3}
		{D95DC541-D603-44C7-84D8-8CE64986593C} = {2BFE931F-4A7B-4508-8112-258AAA48A6A3}
		{EAF86DFB-E4B5-4CB0-BBAA-CF0146580CFB} = {2BFE931F-4A7B-4508-8112-258AAA48A6A3}
		{45294D2C-0149-4FAC-AC8F-667D59C2A286} = {2BFE931F-4A7B-4508-8112-258AAA48A6A3}
		{8D0F4D8A-AFD6-4EAB-8EEB-6091EBF3C431} = {2BFE931F-4A7B-4508-8112-258AAA48A6A3}
	EndGlobalSection
	GlobalSection(ExtensibilityGlobals) = postSolution
		SolutionGuid = {FBA5B93B-695F-4D95-A797-68DAEA7814C1}
	EndGlobalSection
EndGlobal
